
Microsoft Visual Studio Solution File, Format Version 12.00
# Visual Studio 15
VisualStudioVersion = 15.0.28307.136
MinimumVisualStudioVersion = 10.0.40219.1
Project("{FAE04EC0-301F-11D3-BF4B-00C04F79EFBC}") = "bStats", "bStats\bStats.csproj", "{CDF012E9-D3A8-4F41-95FA-C756C5B544B0}"
EndProject
Global
	GlobalSection(SolutionConfigurationPlatforms) = preSolution
		Debug|Any CPU = Debug|Any CPU
		Release|Any CPU = Release|Any CPU
	EndGlobalSection
	GlobalSection(ProjectConfigurationPlatforms) = postSolution
		{CDF012E9-D3A8-4F41-95FA-C756C5B544B0}.Debug|Any CPU.ActiveCfg = Debug|Any CPU
		{CDF012E9-D3A8-4F41-95FA-C756C5B544B0}.Debug|Any CPU.Build.0 = Debug|Any CPU
		{CDF012E9-D3A8-4F41-95FA-C756C5B544B0}.Release|Any CPU.ActiveCfg = Release|Any CPU
		{CDF012E9-D3A8-4F41-95FA-C756C5B544B0}.Release|Any CPU.Build.0 = Release|Any CPU
	EndGlobalSection
	GlobalSection(SolutionProperties) = preSolution
		HideSolutionNode = FALSE
	EndGlobalSection
	GlobalSection(ExtensibilityGlobals) = postSolution
		SolutionGuid = {32679359-5ACC-4265-8423-AA6D8E14674D}
	EndGlobalSection
EndGlobal
